
Microsoft Visual Studio Solution File, Format Version 12.00
# Visual Studio Version 16
VisualStudioVersion = 16.0.31624.102
MinimumVisualStudioVersion = 10.0.40219.1
Project("{FAE04EC0-301F-11D3-BF4B-00C04F79EFBC}") = "InvestecVowels", "InvestecVowels\InvestecVowels.csproj", "{A196C136-E3CC-44C2-BE1E-4A27ACE536D5}"
EndProject
Global
	GlobalSection(SolutionConfigurationPlatforms) = preSolution
		Debug|Any CPU = Debug|Any CPU
		Release|Any CPU = Release|Any CPU
	EndGlobalSection
	GlobalSection(ProjectConfigurationPlatforms) = postSolution
		{A196C136-E3CC-44C2-BE1E-4A27ACE536D5}.Debug|Any CPU.ActiveCfg = Debug|Any CPU
		{A196C136-E3CC-44C2-BE1E-4A27ACE536D5}.Debug|Any CPU.Build.0 = Debug|Any CPU
		{A196C136-E3CC-44C2-BE1E-4A27ACE536D5}.Release|Any CPU.ActiveCfg = Release|Any CPU
		{A196C136-E3CC-44C2-BE1E-4A27ACE536D5}.Release|Any CPU.Build.0 = Release|Any CPU
	EndGlobalSection
	GlobalSection(SolutionProperties) = preSolution
		HideSolutionNode = FALSE
	EndGlobalSection
	GlobalSection(ExtensibilityGlobals) = postSolution
		SolutionGuid = {E4BEC83C-721C-4181-B61E-AB9601D8DB33}
	EndGlobalSection
EndGlobal
